
Microsoft Visual Studio Solution File, Format Version 12.00
# Visual Studio 15
VisualStudioVersion = 15.0.27130.2036
MinimumVisualStudioVersion = 10.0.40219.1
Project("{9A19103F-16F7-4668-BE54-9A1E7A4F7556}") = "VSharp", "VSharp\VSharp.csproj", "{1B3EB922-6BD9-4352-8D9D-63EFA2C157C2}"
EndProject
Project("{9A19103F-16F7-4668-BE54-9A1E7A4F7556}") = "VSharpWeb", "VSharpPresentation\VSharpWeb.csproj", "{AA707D1F-65A8-4291-9970-F092D9FA02EC}"
EndProject
Project("{9A19103F-16F7-4668-BE54-9A1E7A4F7556}") = "VSharpDataAccess", "VSharpDataAccess\VSharpDataAccess.csproj", "{11D5E140-FB65-48C3-BD4F-8AE270A128CA}"
EndProject
Project("{9A19103F-16F7-4668-BE54-9A1E7A4F7556}") = "VSharpBusinessLogic", "VSharpBusinessLogic\VSharpBusinessLogic.csproj", "{D1456034-A5AE-4B03-A4A2-8239267BDA59}"
EndProject
Project("{9A19103F-16F7-4668-BE54-9A1E7A4F7556}") = "VSharpDataPersistance", "VSharpDataPersistance\VSharpDataPersistance.csproj", "{CF940CFF-2CE5-42B1-B304-3EF2F9035D7A}"
EndProject
Project("{2150E333-8FDC-42A3-9474-1A3956D46DE8}") = "Applications", "Applications", "{5DA896FF-0595-432E-89FB-81448D5D46E8}"
EndProject
Project("{2150E333-8FDC-42A3-9474-1A3956D46DE8}") = "vsc", "vsc", "{8B79703D-C5E7-4CB4-BBBF-2B5D480F1ADA}"
EndProject
Project("{2150E333-8FDC-42A3-9474-1A3956D46DE8}") = "Web", "Web", "{76C91761-466D-4C85-9929-312193600559}"
EndProject
Project("{FAE04EC0-301F-11D3-BF4B-00C04F79EFBC}") = "VSharpCompiler", "VSharpCompiler\VSharpCompiler.csproj", "{8FF9FCA5-4B73-494E-AC92-742BED769A1C}"
EndProject
Project("{2150E333-8FDC-42A3-9474-1A3956D46DE8}") = "Core", "Core", "{904A9910-02BD-464B-B9DF-57FF3BA71854}"
EndProject
Project("{2150E333-8FDC-42A3-9474-1A3956D46DE8}") = "CLR", "CLR", "{2B29B7FC-A579-4701-8914-BA5C16F206FE}"
EndProject
Project("{2150E333-8FDC-42A3-9474-1A3956D46DE8}") = "Tests", "Tests", "{14DFDC70-6335-440A-98FC-6B89D3995288}"
EndProject
Project("{2150E333-8FDC-42A3-9474-1A3956D46DE8}") = "Assembly", "Assembly", "{9343FDDB-37BB-4E83-8812-FA8DBB88830F}"
EndProject
Project("{FAE04EC0-301F-11D3-BF4B-00C04F79EFBC}") = "VSharpWebCore", "VSharpWebCore\VSharpWebCore.csproj", "{E2E932B1-3134-4FA3-88DE-C1E59A11534C}"
EndProject
Project("{FAE04EC0-301F-11D3-BF4B-00C04F79EFBC}") = "VSharpTests", "VSharpTests\VSharpTests.csproj", "{F2DB52C7-E74A-402C-BE38-7DB477596681}"
EndProject
Project("{FAE04EC0-301F-11D3-BF4B-00C04F79EFBC}") = "VSharpCore", "VSharpCore\VSharpCore.csproj", "{94707103-08CA-4A89-A564-D831FBE95A54}"
EndProject
Project("{FAE04EC0-301F-11D3-BF4B-00C04F79EFBC}") = "VSharpCoreTests", "VSharpCoreTests\VSharpCoreTests.csproj", "{D9F61404-B3BA-400A-87A0-A2101E6A2C27}"
EndProject
Project("{FAE04EC0-301F-11D3-BF4B-00C04F79EFBC}") = "VSharpIntegrationTests", "VSharpIntegrationTests\VSharpIntegrationTests.csproj", "{EF713F45-798E-476B-9BA4-9BC01D132D29}"
EndProject
Project("{2150E333-8FDC-42A3-9474-1A3956D46DE8}") = "ContinuousDelivery", "ContinuousDelivery", "{864554EB-E19B-463E-B2D6-0CC89A1BF7A3}"
EndProject
Project("{2150E333-8FDC-42A3-9474-1A3956D46DE8}") = "Applications", "Applications", "{0FADC3DE-06F4-4027-8DB3-D4DF85DE80A6}"
EndProject
Project("{2150E333-8FDC-42A3-9474-1A3956D46DE8}") = "Web", "Web", "{FB37DB05-286B-4B4A-8C5C-CF99C24342B7}"
EndProject
Project("{2150E333-8FDC-42A3-9474-1A3956D46DE8}") = "ContinuousDeliveryEngine", "ContinuousDeliveryEngine", "{FDD7BE0A-7225-40A2-83BE-60D50E943FEE}"
EndProject
Project("{2150E333-8FDC-42A3-9474-1A3956D46DE8}") = "Core", "Core", "{22367491-ACBD-4825-9480-D186C9C27FA1}"
EndProject
Project("{2150E333-8FDC-42A3-9474-1A3956D46DE8}") = "Assembly", "Assembly", "{A6E9B287-1EF0-425E-9049-48AD46A127DA}"
EndProject
Project("{2150E333-8FDC-42A3-9474-1A3956D46DE8}") = "CLR", "CLR", "{B66732EA-36B0-4576-A88A-A882B12BC89B}"
EndProject
Project("{2150E333-8FDC-42A3-9474-1A3956D46DE8}") = "Tests", "Tests", "{07EE13EF-1BF9-434A-8DCE-1E2984810093}"
EndProject
Project("{FAE04EC0-301F-11D3-BF4B-00C04F79EFBC}") = "VSharpConsoleApp", "VSharpShell\VSharpConsoleApp.csproj", "{4D6AB958-6687-4612-BACB-44041924EF19}"
EndProject
Global
	GlobalSection(SolutionConfigurationPlatforms) = preSolution
		Debug|Any CPU = Debug|Any CPU
		Release|Any CPU = Release|Any CPU
	EndGlobalSection
	GlobalSection(ProjectConfigurationPlatforms) = postSolution
		{1B3EB922-6BD9-4352-8D9D-63EFA2C157C2}.Debug|Any CPU.ActiveCfg = Debug|Any CPU
		{1B3EB922-6BD9-4352-8D9D-63EFA2C157C2}.Debug|Any CPU.Build.0 = Debug|Any CPU
		{1B3EB922-6BD9-4352-8D9D-63EFA2C157C2}.Release|Any CPU.ActiveCfg = Release|Any CPU
		{1B3EB922-6BD9-4352-8D9D-63EFA2C157C2}.Release|Any CPU.Build.0 = Release|Any CPU
		{AA707D1F-65A8-4291-9970-F092D9FA02EC}.Debug|Any CPU.ActiveCfg = Debug|Any CPU
		{AA707D1F-65A8-4291-9970-F092D9FA02EC}.Debug|Any CPU.Build.0 = Debug|Any CPU
		{AA707D1F-65A8-4291-9970-F092D9FA02EC}.Release|Any CPU.ActiveCfg = Release|Any CPU
		{AA707D1F-65A8-4291-9970-F092D9FA02EC}.Release|Any CPU.Build.0 = Release|Any CPU
		{11D5E140-FB65-48C3-BD4F-8AE270A128CA}.Debug|Any CPU.ActiveCfg = Debug|Any CPU
		{11D5E140-FB65-48C3-BD4F-8AE270A128CA}.Debug|Any CPU.Build.0 = Debug|Any CPU
		{11D5E140-FB65-48C3-BD4F-8AE270A128CA}.Release|Any CPU.ActiveCfg = Release|Any CPU
		{11D5E140-FB65-48C3-BD4F-8AE270A128CA}.Release|Any CPU.Build.0 = Release|Any CPU
		{D1456034-A5AE-4B03-A4A2-8239267BDA59}.Debug|Any CPU.ActiveCfg = Debug|Any CPU
		{D1456034-A5AE-4B03-A4A2-8239267BDA59}.Debug|Any CPU.Build.0 = Debug|Any CPU
		{D1456034-A5AE-4B03-A4A2-8239267BDA59}.Release|Any CPU.ActiveCfg = Release|Any CPU
		{D1456034-A5AE-4B03-A4A2-8239267BDA59}.Release|Any CPU.Build.0 = Release|Any CPU
		{CF940CFF-2CE5-42B1-B304-3EF2F9035D7A}.Debug|Any CPU.ActiveCfg = Debug|Any CPU
		{CF940CFF-2CE5-42B1-B304-3EF2F9035D7A}.Debug|Any CPU.Build.0 = Debug|Any CPU
		{CF940CFF-2CE5-42B1-B304-3EF2F9035D7A}.Release|Any CPU.ActiveCfg = Release|Any CPU
		{CF940CFF-2CE5-42B1-B304-3EF2F9035D7A}.Release|Any CPU.Build.0 = Release|Any CPU
		{8FF9FCA5-4B73-494E-AC92-742BED769A1C}.Debug|Any CPU.ActiveCfg = Debug|Any CPU
		{8FF9FCA5-4B73-494E-AC92-742BED769A1C}.Debug|Any CPU.Build.0 = Debug|Any CPU
		{8FF9FCA5-4B73-494E-AC92-742BED769A1C}.Release|Any CPU.ActiveCfg = Release|Any CPU
		{8FF9FCA5-4B73-494E-AC92-742BED769A1C}.Release|Any CPU.Build.0 = Release|Any CPU
		{E2E932B1-3134-4FA3-88DE-C1E59A11534C}.Debug|Any CPU.ActiveCfg = Debug|Any CPU
		{E2E932B1-3134-4FA3-88DE-C1E59A11534C}.Debug|Any CPU.Build.0 = Debug|Any CPU
		{E2E932B1-3134-4FA3-88DE-C1E59A11534C}.Release|Any CPU.ActiveCfg = Release|Any CPU
		{E2E932B1-3134-4FA3-88DE-C1E59A11534C}.Release|Any CPU.Build.0 = Release|Any CPU
		{F2DB52C7-E74A-402C-BE38-7DB477596681}.Debug|Any CPU.ActiveCfg = Debug|Any CPU
		{F2DB52C7-E74A-402C-BE38-7DB477596681}.Debug|Any CPU.Build.0 = Debug|Any CPU
		{F2DB52C7-E74A-402C-BE38-7DB477596681}.Release|Any CPU.ActiveCfg = Release|Any CPU
		{F2DB52C7-E74A-402C-BE38-7DB477596681}.Release|Any CPU.Build.0 = Release|Any CPU
		{94707103-08CA-4A89-A564-D831FBE95A54}.Debug|Any CPU.ActiveCfg = Debug|Any CPU
		{94707103-08CA-4A89-A564-D831FBE95A54}.Debug|Any CPU.Build.0 = Debug|Any CPU
		{94707103-08CA-4A89-A564-D831FBE95A54}.Release|Any CPU.ActiveCfg = Release|Any CPU
		{94707103-08CA-4A89-A564-D831FBE95A54}.Release|Any CPU.Build.0 = Release|Any CPU
		{D9F61404-B3BA-400A-87A0-A2101E6A2C27}.Debug|Any CPU.ActiveCfg = Debug|Any CPU
		{D9F61404-B3BA-400A-87A0-A2101E6A2C27}.Debug|Any CPU.Build.0 = Debug|Any CPU
		{D9F61404-B3BA-400A-87A0-A2101E6A2C27}.Release|Any CPU.ActiveCfg = Release|Any CPU
		{D9F61404-B3BA-400A-87A0-A2101E6A2C27}.Release|Any CPU.Build.0 = Release|Any CPU
		{EF713F45-798E-476B-9BA4-9BC01D132D29}.Debug|Any CPU.ActiveCfg = Debug|Any CPU
		{EF713F45-798E-476B-9BA4-9BC01D132D29}.Debug|Any CPU.Build.0 = Debug|Any CPU
		{EF713F45-798E-476B-9BA4-9BC01D132D29}.Release|Any CPU.ActiveCfg = Release|Any CPU
		{EF713F45-798E-476B-9BA4-9BC01D132D29}.Release|Any CPU.Build.0 = Release|Any CPU
		{4D6AB958-6687-4612-BACB-44041924EF19}.Debug|Any CPU.ActiveCfg = Debug|Any CPU
		{4D6AB958-6687-4612-BACB-44041924EF19}.Debug|Any CPU.Build.0 = Debug|Any CPU
		{4D6AB958-6687-4612-BACB-44041924EF19}.Release|Any CPU.ActiveCfg = Release|Any CPU
		{4D6AB958-6687-4612-BACB-44041924EF19}.Release|Any CPU.Build.0 = Release|Any CPU
	EndGlobalSection
	GlobalSection(SolutionProperties) = preSolution
		HideSolutionNode = FALSE
	EndGlobalSection
	GlobalSection(NestedProjects) = preSolution
		{1B3EB922-6BD9-4352-8D9D-63EFA2C157C2} = {904A9910-02BD-464B-B9DF-57FF3BA71854}
		{AA707D1F-65A8-4291-9970-F092D9FA02EC} = {76C91761-466D-4C85-9929-312193600559}
		{11D5E140-FB65-48C3-BD4F-8AE270A128CA} = {76C91761-466D-4C85-9929-312193600559}
		{D1456034-A5AE-4B03-A4A2-8239267BDA59} = {76C91761-466D-4C85-9929-312193600559}
		{CF940CFF-2CE5-42B1-B304-3EF2F9035D7A} = {76C91761-466D-4C85-9929-312193600559}
		{8B79703D-C5E7-4CB4-BBBF-2B5D480F1ADA} = {5DA896FF-0595-432E-89FB-81448D5D46E8}
		{76C91761-466D-4C85-9929-312193600559} = {5DA896FF-0595-432E-89FB-81448D5D46E8}
		{8FF9FCA5-4B73-494E-AC92-742BED769A1C} = {8B79703D-C5E7-4CB4-BBBF-2B5D480F1ADA}
		{E2E932B1-3134-4FA3-88DE-C1E59A11534C} = {76C91761-466D-4C85-9929-312193600559}
		{F2DB52C7-E74A-402C-BE38-7DB477596681} = {14DFDC70-6335-440A-98FC-6B89D3995288}
		{94707103-08CA-4A89-A564-D831FBE95A54} = {904A9910-02BD-464B-B9DF-57FF3BA71854}
		{D9F61404-B3BA-400A-87A0-A2101E6A2C27} = {14DFDC70-6335-440A-98FC-6B89D3995288}
		{EF713F45-798E-476B-9BA4-9BC01D132D29} = {07EE13EF-1BF9-434A-8DCE-1E2984810093}
		{0FADC3DE-06F4-4027-8DB3-D4DF85DE80A6} = {864554EB-E19B-463E-B2D6-0CC89A1BF7A3}
		{FB37DB05-286B-4B4A-8C5C-CF99C24342B7} = {0FADC3DE-06F4-4027-8DB3-D4DF85DE80A6}
		{FDD7BE0A-7225-40A2-83BE-60D50E943FEE} = {0FADC3DE-06F4-4027-8DB3-D4DF85DE80A6}
		{22367491-ACBD-4825-9480-D186C9C27FA1} = {864554EB-E19B-463E-B2D6-0CC89A1BF7A3}
		{A6E9B287-1EF0-425E-9049-48AD46A127DA} = {864554EB-E19B-463E-B2D6-0CC89A1BF7A3}
		{B66732EA-36B0-4576-A88A-A882B12BC89B} = {864554EB-E19B-463E-B2D6-0CC89A1BF7A3}
		{07EE13EF-1BF9-434A-8DCE-1E2984810093} = {864554EB-E19B-463E-B2D6-0CC89A1BF7A3}
		{4D6AB958-6687-4612-BACB-44041924EF19} = {8B79703D-C5E7-4CB4-BBBF-2B5D480F1ADA}
	EndGlobalSection
	GlobalSection(ExtensibilityGlobals) = postSolution
		SolutionGuid = {84211D06-8BE3-43D5-922D-4698048E3AE8}
	EndGlobalSection
EndGlobal
