
Microsoft Visual Studio Solution File, Format Version 12.00
# Visual Studio 15
VisualStudioVersion = 15.0.27130.2036
MinimumVisualStudioVersion = 10.0.40219.1
Project("{FAE04EC0-301F-11D3-BF4B-00C04F79EFBC}") = "VSharp", "VSharp\VSharp.csproj", "{1B3EB922-6BD9-4352-8D9D-63EFA2C157C2}"
EndProject
Project("{FAE04EC0-301F-11D3-BF4B-00C04F79EFBC}") = "VSharpPresentation", "VSharpPresentation\VSharpPresentation.csproj", "{AA707D1F-65A8-4291-9970-F092D9FA02EC}"
EndProject
Project("{FAE04EC0-301F-11D3-BF4B-00C04F79EFBC}") = "VSharpDataAccess", "VSharpDataAccess\VSharpDataAccess.csproj", "{11D5E140-FB65-48C3-BD4F-8AE270A128CA}"
EndProject
Project("{FAE04EC0-301F-11D3-BF4B-00C04F79EFBC}") = "VSharpBusinessLogic", "VSharpBusinessLogic\VSharpBusinessLogic.csproj", "{D1456034-A5AE-4B03-A4A2-8239267BDA59}"
EndProject
Global
	GlobalSection(SolutionConfigurationPlatforms) = preSolution
		Debug|Any CPU = Debug|Any CPU
		Release|Any CPU = Release|Any CPU
	EndGlobalSection
	GlobalSection(ProjectConfigurationPlatforms) = postSolution
		{1B3EB922-6BD9-4352-8D9D-63EFA2C157C2}.Debug|Any CPU.ActiveCfg = Debug|Any CPU
		{1B3EB922-6BD9-4352-8D9D-63EFA2C157C2}.Debug|Any CPU.Build.0 = Debug|Any CPU
		{1B3EB922-6BD9-4352-8D9D-63EFA2C157C2}.Release|Any CPU.ActiveCfg = Release|Any CPU
		{1B3EB922-6BD9-4352-8D9D-63EFA2C157C2}.Release|Any CPU.Build.0 = Release|Any CPU
		{AA707D1F-65A8-4291-9970-F092D9FA02EC}.Debug|Any CPU.ActiveCfg = Debug|Any CPU
		{AA707D1F-65A8-4291-9970-F092D9FA02EC}.Debug|Any CPU.Build.0 = Debug|Any CPU
		{AA707D1F-65A8-4291-9970-F092D9FA02EC}.Release|Any CPU.ActiveCfg = Release|Any CPU
		{AA707D1F-65A8-4291-9970-F092D9FA02EC}.Release|Any CPU.Build.0 = Release|Any CPU
		{11D5E140-FB65-48C3-BD4F-8AE270A128CA}.Debug|Any CPU.ActiveCfg = Debug|Any CPU
		{11D5E140-FB65-48C3-BD4F-8AE270A128CA}.Debug|Any CPU.Build.0 = Debug|Any CPU
		{11D5E140-FB65-48C3-BD4F-8AE270A128CA}.Release|Any CPU.ActiveCfg = Release|Any CPU
		{11D5E140-FB65-48C3-BD4F-8AE270A128CA}.Release|Any CPU.Build.0 = Release|Any CPU
		{D1456034-A5AE-4B03-A4A2-8239267BDA59}.Debug|Any CPU.ActiveCfg = Debug|Any CPU
		{D1456034-A5AE-4B03-A4A2-8239267BDA59}.Debug|Any CPU.Build.0 = Debug|Any CPU
		{D1456034-A5AE-4B03-A4A2-8239267BDA59}.Release|Any CPU.ActiveCfg = Release|Any CPU
		{D1456034-A5AE-4B03-A4A2-8239267BDA59}.Release|Any CPU.Build.0 = Release|Any CPU
	EndGlobalSection
	GlobalSection(SolutionProperties) = preSolution
		HideSolutionNode = FALSE
	EndGlobalSection
	GlobalSection(ExtensibilityGlobals) = postSolution
		SolutionGuid = {84211D06-8BE3-43D5-922D-4698048E3AE8}
	EndGlobalSection
EndGlobal
